github.com/CycloneDX/cyclonedx-go v0.8.0 h1:FyWVj6x6hoJrui5uRQdYZcSievw3Z32Z88uYzG/0D6M=
github.com/CycloneDX/cyclonedx-go v0.8.0/go.mod h1:K2bA+324+Og0X84fA8HhN2X066K7Bxz4rpMQ4ZhjtSk=
github.com/CycloneDX/cyclonedx-go v0.9.2 h1:688QHn2X/5nRezKe2ueIVCt+NRqf7fl3AVQk+vaFcIo=
github.com/CycloneDX/cyclonedx-go v0.9.2/go.mod h1:vcK6pKgO1WanCdd61qx4bFnSsDJQ6SbM2ZuMIgq86Jg=
